PODS:
  - Flutter (1.0.0)
  - flutter_drawing_board (0.9.8):
    - Flutter

DEPENDENCIES:
  - Flutter (from `Flutter`)
  - flutter_drawing_board (from `.symlinks/plugins/flutter_drawing_board/ios`)

EXTERNAL SOURCES:
  Flutter:
    :path: Flutter
  flutter_drawing_board:
    :path: ".symlinks/plugins/flutter_drawing_board/ios"

SPEC CHECKSUMS:
  Flutter: cabc95a1d2626b1b06e7179b784ebcf0c0cde467
  flutter_drawing_board: d0a657b4f9c69a7d7a5886a6a0fc76af3e48036c

PODFILE CHECKSUM: f8c2dcdfb50bb67645580d28a6bf814fca30bdec

COCOAPODS: 1.16.2
